version = 1
revision = 3
requires-python = "==3.8.*"
resolution-markers = [
    "python_full_version >= '3.8.1'",
    "python_full_version < '3.8.1'",
]

[[package]]
name = "annotated-types"
version = "0.7.0"
source = { registry = "https://pypi.org/simple" }
dependencies = [
    { name = "typing-extensions" },
]
sdist = { url = "https://files.pythonhosted.org/packages/ee/67/531ea369ba64dcff5ec9c3402f9f51bf748cec26dde048a2f973a4eea7f5/annotated_types-0.7.0.tar.gz", hash = "sha256:aff07c09a53a08bc8cfccb9c85b05f1aa9a2a6f23728d790723543408344ce89", size = 16081, upload-time = "2024-05-20T21:33:25.928Z" }
wheels = [
    { url = "https://files.pythonhosted.org/packages/78/b6/6307fbef88d9b5ee7421e68d78a9f162e0da4900bc5f5793f6d3d0e34fb8/annotated_types-0.7.0-py3-none-any.whl", hash = "sha256:1f02e8b43a8fbbc3f3e0d4f0f4bfc8131bcb4eebe8849b8e5c773f3a1c582a53", size = 13643, upload-time = "2024-05-20T21:33:24.1Z" },
]

[[package]]
name = "anyio"
version = "4.5.2"
source = { registry = "https://pypi.org/simple" }
dependencies = [
    { name = "exceptiongroup" },
    { name = "idna" },
    { name = "sniffio" },
    { name = "typing-extensions" },
]
sdist = { url = "https://files.pythonhosted.org/packages/4d/f9/9a7ce600ebe7804daf90d4d48b1c0510a4561ddce43a596be46676f82343/anyio-4.5.2.tar.gz", hash = "sha256:23009af4ed04ce05991845451e11ef02fc7c5ed29179ac9a420e5ad0ac7ddc5b", size = 171293, upload-time = "2024-10-13T22:18:03.307Z" }
wheels = [
    { url = "https://files.pythonhosted.org/packages/1b/b4/f7e396030e3b11394436358ca258a81d6010106582422f23443c16ca1873/anyio-4.5.2-py3-none-any.whl", hash = "sha256:c011ee36bc1e8ba40e5a81cb9df91925c218fe9b778554e0b56a21e1b5d4716f", size = 89766, upload-time = "2024-10-13T22:18:01.524Z" },
]

[[package]]
name = "certifi"
version = "2026.5.20"
source = { registry = "https://pypi.org/simple" }
sdist = { url = "https://files.pythonhosted.org/packages/f3/ce/ee2ecad540810a79593028e88299baeae54d346cc7a0d94b6199988b89b1/certifi-2026.5.20.tar.gz", hash = "sha256:69dea482ab64caa7b9f6aba1c6bf48bb6a5448d1c0f1b17ab42ad8c763a5344d", size = 135422, upload-time = "2026-05-20T11:46:50.073Z" }
wheels = [
    { url = "https://files.pythonhosted.org/packages/59/8c/57e832b7af6d7c5abe66eb3fbe3a3a32f4d11ea23a1aa7131371035be991/certifi-2026.5.20-py3-none-any.whl", hash = "sha256:3c52e209ba0a4ad7aebe60436a4ab349c39e1e602e8c134221e546902ad25897", size = 134134, upload-time = "2026-05-20T11:46:48.578Z" },
]

[[package]]
name = "click"
version = "8.1.8"
source = { registry = "https://pypi.org/simple" }
dependencies = [
    { name = "colorama", marker = "sys_platform == 'win32'" },
]
sdist = { url = "https://files.pythonhosted.org/packages/b9/2e/0090cbf739cee7d23781ad4b89a9894a41538e4fcf4c31dcdd705b78eb8b/click-8.1.8.tar.gz", hash = "sha256:ed53c9d8990d83c2a27deae68e4ee337473f6330c040a31d4225c9574d16096a", size = 226593, upload-time = "2024-12-21T18:38:44.339Z" }
wheels = [
    { url = "https://files.pythonhosted.org/packages/7e/d4/7ebdbd03970677812aac39c869717059dbb71a4cfc033ca6e5221787892c/click-8.1.8-py3-none-any.whl", hash = "sha256:63c132bbbed01578a06712a2d1f497bb62d9c1c0d329b7903a866228027263b2", size = 98188, upload-time = "2024-12-21T18:38:41.666Z" },
]

[[package]]
name = "colorama"
version = "0.4.6"
source = { registry = "https://pypi.org/simple" }
sdist = { url = "https://files.pythonhosted.org/packages/d8/53/6f443c9a4a8358a93a6792e2acffb9d9d5cb0a5cfd8802644b7b1c9a02e4/colorama-0.4.6.tar.gz", hash = "sha256:08695f5cb7ed6e0531a20572697297273c47b8cae5a63ffc6d6ed5c201be6e44", size = 27697, upload-time = "2022-10-25T02:36:22.414Z" }
wheels = [
    { url = "https://files.pythonhosted.org/packages/d1/d6/3965ed04c63042e047cb6a3e6ed1a63a35087b6a609aa3a15ed8ac56c221/colorama-0.4.6-py2.py3-none-any.whl", hash = "sha256:4f1d9991f5acc0ca119f9d443620b77f9d6b33703e51011c16baf57afb285fc6", size = 25335, upload-time = "2022-10-25T02:36:20.889Z" },
]

[[package]]
name = "exceptiongroup"
version = "1.3.1"
source = { registry = "https://pypi.org/simple" }
dependencies = [
    { name = "typing-extensions" },
]
sdist = { url = "https://files.pythonhosted.org/packages/50/79/66800aadf48771f6b62f7eb014e352e5d06856655206165d775e675a02c9/exceptiongroup-1.3.1.tar.gz", hash = "sha256:8b412432c6055b0b7d14c310000ae93352ed6754f70fa8f7c34141f91c4e3219", size = 30371, upload-time = "2025-11-21T23:01:54.787Z" }
wheels = [
    { url = "https://files.pythonhosted.org/packages/8a/0e/97c33bf5009bdbac74fd2beace167cab3f978feb69cc36f1ef79360d6c4e/exceptiongroup-1.3.1-py3-none-any.whl", hash = "sha256:a7a39a3bd276781e98394987d3a5701d0c4edffb633bb7a5144577f82c773598", size = 16740, upload-time = "2025-11-21T23:01:53.443Z" },
]

[[package]]
name = "fastapi"
version = "0.115.14"
source = { registry = "https://pypi.org/simple" }
dependencies = [
    { name = "pydantic" },
    { name = "starlette" },
    { name = "typing-extensions" },
]
sdist = { url = "https://files.pythonhosted.org/packages/ca/53/8c38a874844a8b0fa10dd8adf3836ac154082cf88d3f22b544e9ceea0a15/fastapi-0.115.14.tar.gz", hash = "sha256:b1de15cdc1c499a4da47914db35d0e4ef8f1ce62b624e94e0e5824421df99739", size = 296263, upload-time = "2025-06-26T15:29:08.21Z" }
wheels = [
    { url = "https://files.pythonhosted.org/packages/53/50/b1222562c6d270fea83e9c9075b8e8600b8479150a18e4516a6138b980d1/fastapi-0.115.14-py3-none-any.whl", hash = "sha256:6c0c8bf9420bd58f565e585036d971872472b4f7d3f6c73b698e10cffdefb3ca", size = 95514, upload-time = "2025-06-26T15:29:06.49Z" },
]

[[package]]
name = "gameuav"
version = "0.1.0"
source = { virtual = "." }
dependencies = [
    { name = "fastapi" },
    { name = "httpx" },
    { name = "pyserial" },
    { name = "uvicorn", extra = ["standard"] },
]

[package.metadata]
requires-dist = [
    { name = "fastapi", specifier = ">=0.110,<0.116" },
    { name = "httpx", specifier = ">=0.27,<0.29" },
    { name = "pyserial", specifier = "==3.5" },
    { name = "uvicorn", extras = ["standard"], specifier = ">=0.27,<0.36" },
]

[[package]]
name = "h11"
version = "0.16.0"
source = { registry = "https://pypi.org/simple" }
sdist = { url = "https://files.pythonhosted.org/packages/01/ee/02a2c011bdab74c6fb3c75474d40b3052059d95df7e73351460c8588d963/h11-0.16.0.tar.gz", hash = "sha256:4e35b956cf45792e4caa5885e69fba00bdbc6ffafbfa020300e549b208ee5ff1", size = 101250, upload-time = "2025-04-24T03:35:25.427Z" }
wheels = [
    { url = "https://files.pythonhosted.org/packages/04/4b/29cac41a4d98d144bf5f6d33995617b185d14b22401f75ca86f384e87ff1/h11-0.16.0-py3-none-any.whl", hash = "sha256:63cf8bbe7522de3bf65932fda1d9c2772064ffb3dae62d55932da54b31cb6c86", size = 37515, upload-time = "2025-04-24T03:35:24.344Z" },
]

[[package]]
name = "httpcore"
version = "1.0.9"
source = { registry = "https://pypi.org/simple" }
dependencies = [
    { name = "certifi" },
    { name = "h11" },
]
sdist = { url = "https://files.pythonhosted.org/packages/06/94/82699a10bca87a5556c9c59b5963f2d039dbd239f25bc2a63907a05a14cb/httpcore-1.0.9.tar.gz", hash = "sha256:6e34463af53fd2ab5d807f399a9b45ea31c3dfa2276f15a2c3f00afff6e176e8", size = 85484, upload-time = "2025-04-24T22:06:22.219Z" }
wheels = [
    { url = "https://files.pythonhosted.org/packages/7e/f5/f66802a942d491edb555dd61e3a9961140fd64c90bce1eafd741609d334d/httpcore-1.0.9-py3-none-any.whl", hash = "sha256:2d400746a40668fc9dec9810239072b40b4484b640a8c38fd654a024c7a1bf55", size = 78784, upload-time = "2025-04-24T22:06:20.566Z" },
]

[[package]]
name = "httptools"
version = "0.6.4"
source = { registry = "https://pypi.org/simple" }
sdist = { url = "https://files.pythonhosted.org/packages/a7/9a/ce5e1f7e131522e6d3426e8e7a490b3a01f39a6696602e1c4f33f9e94277/httptools-0.6.4.tar.gz", hash = "sha256:4e93eee4add6493b59a5c514da98c939b244fce4a0d8879cd3f466562f4b7d5c", size = 240639, upload-time = "2024-10-16T19:45:08.902Z" }
wheels = [
    { url = "https://files.pythonhosted.org/packages/c2/73/e4877dfa233da9912062e49efd74d9f5deae95b4b736eb99742f8d751074/httptools-0.6.4-cp38-cp38-macosx_10_9_universal2.whl", hash = "sha256:d3f0d369e7ffbe59c4b6116a44d6a8eb4783aae027f2c0b366cf0aa964185dba", size = 202417, upload-time = "2024-10-16T19:44:47.945Z" },
    { url = "https://files.pythonhosted.org/packages/04/06/24f105db5254d9689d9126ca09cd55c471241f26549041f33aea91a4c77e/httptools-0.6.4-cp38-cp38-macosx_11_0_arm64.whl", hash = "sha256:94978a49b8f4569ad607cd4946b759d90b285e39c0d4640c6b36ca7a3ddf2efc", size = 105139, upload-time = "2024-10-16T19:44:49.066Z" },
    { url = "https://files.pythonhosted.org/packages/32/c6/3623958d7899c439d5aeadcc936c3354baaf2d797e07670ccddbae5c4398/httptools-0.6.4-cp38-cp38-manylinux_2_17_aarch64.manylinux2014_aarch64.whl", hash = "sha256:40dc6a8e399e15ea525305a2ddba998b0af5caa2566bcd79dcbe8948181eeaff", size = 455956, upload-time = "2024-10-16T19:44:50.179Z" },
    { url = "https://files.pythonhosted.org/packages/a0/cf/3de90444de495cbab24e648278a4fecb36c5bbf9ecdeeff09fca69e94ca9/httptools-0.6.4-cp38-cp38-manylinux_2_5_x86_64.manylinux1_x86_64.manylinux_2_17_x86_64.manylinux2014_x86_64.whl", hash = "sha256:ab9ba8dcf59de5181f6be44a77458e45a578fc99c31510b8c65b7d5acc3cf490", size = 453707, upload-time = "2024-10-16T19:44:51.422Z" },
    { url = "https://files.pythonhosted.org/packages/33/92/f0928f8bae0a07d75bddff71835e554762974502165ea5ea78c624e3533e/httptools-0.6.4-cp38-cp38-musllinux_1_2_aarch64.whl", hash = "sha256:fc411e1c0a7dcd2f902c7c48cf079947a7e65b5485dea9decb82b9105ca71a43", size = 434037, upload-time = "2024-10-16T19:44:54.108Z" },
    { url = "https://files.pythonhosted.org/packages/d4/2b/618e8f2cf8b266a046c4524f4c214919762a9da4617e8b02da406e3747bc/httptools-0.6.4-cp38-cp38-musllinux_1_2_x86_64.whl", hash = "sha256:d54efd20338ac52ba31e7da78e4a72570cf729fac82bc31ff9199bedf1dc7440", size = 434347, upload-time = "2024-10-16T19:44:56.634Z" },
    { url = "https://files.pythonhosted.org/packages/a3/59/b7dc35b45ae31d692427f15870ff9ab082e667b96c5606fda2cd7b385687/httptools-0.6.4-cp38-cp38-win_amd64.whl", hash = "sha256:df959752a0c2748a65ab5387d08287abf6779ae9165916fe053e68ae1fbdc47f", size = 89888, upload-time = "2024-10-16T19:44:58.175Z" },
]

[[package]]
name = "httpx"
version = "0.28.1"
source = { registry = "https://pypi.org/simple" }
dependencies = [
    { name = "anyio" },
    { name = "certifi" },
    { name = "httpcore" },
    { name = "idna" },
]
sdist = { url = "https://files.pythonhosted.org/packages/b1/df/48c586a5fe32a0f01324ee087459e112ebb7224f646c0b5023f5e79e9956/httpx-0.28.1.tar.gz", hash = "sha256:75e98c5f16b0f35b567856f597f06ff2270a374470a5c2392242528e3e3e42fc", size = 141406, upload-time = "2024-12-06T15:37:23.222Z" }
wheels = [
    { url = "https://files.pythonhosted.org/packages/2a/39/e50c7c3a983047577ee07d2a9e53faf5a69493943ec3f6a384bdc792deb2/httpx-0.28.1-py3-none-any.whl", hash = "sha256:d909fcccc110f8c7faf814ca82a9a4d816bc5a6dbfea25d6591d6985b8ba59ad", size = 73517, upload-time = "2024-12-06T15:37:21.509Z" },
]

[[package]]
name = "idna"
version = "3.15"
source = { registry = "https://pypi.org/simple" }
sdist = { url = "https://files.pythonhosted.org/packages/82/77/7b3966d0b9d1d31a36ddf1746926a11dface89a83409bf1483f0237aa758/idna-3.15.tar.gz", hash = "sha256:ca962446ea538f7092a95e057da437618e886f4d349216d2b1e294abfdb65fdc", size = 199245, upload-time = "2026-05-12T22:45:57.011Z" }
wheels = [
    { url = "https://files.pythonhosted.org/packages/d2/23/408243171aa9aaba178d3e2559159c24c1171a641aa83b67bdd3394ead8e/idna-3.15-py3-none-any.whl", hash = "sha256:048adeaf8c2d788c40fee287673ccaa74c24ffd8dcf09ffa555a2fbb59f10ac8", size = 72340, upload-time = "2026-05-12T22:45:55.733Z" },
]

[[package]]
name = "pydantic"
version = "2.10.6"
source = { registry = "https://pypi.org/simple" }
dependencies = [
    { name = "annotated-types" },
    { name = "pydantic-core" },
    { name = "typing-extensions" },
]
sdist = { url = "https://files.pythonhosted.org/packages/b7/ae/d5220c5c52b158b1de7ca89fc5edb72f304a70a4c540c84c8844bf4008de/pydantic-2.10.6.tar.gz", hash = "sha256:ca5daa827cce33de7a42be142548b0096bf05a7e7b365aebfa5f8eeec7128236", size = 761681, upload-time = "2025-01-24T01:42:12.693Z" }
wheels = [
    { url = "https://files.pythonhosted.org/packages/f4/3c/8cc1cc84deffa6e25d2d0c688ebb80635dfdbf1dbea3e30c541c8cf4d860/pydantic-2.10.6-py3-none-any.whl", hash = "sha256:427d664bf0b8a2b34ff5dd0f5a18df00591adcee7198fbd71981054cef37b584", size = 431696, upload-time = "2025-01-24T01:42:10.371Z" },
]

[[package]]
name = "pydantic-core"
version = "2.27.2"
source = { registry = "https://pypi.org/simple" }
dependencies = [
    { name = "typing-extensions" },
]
sdist = { url = "https://files.pythonhosted.org/packages/fc/01/f3e5ac5e7c25833db5eb555f7b7ab24cd6f8c322d3a3ad2d67a952dc0abc/pydantic_core-2.27.2.tar.gz", hash = "sha256:eb026e5a4c1fee05726072337ff51d1efb6f59090b7da90d30ea58625b1ffb39", size = 413443, upload-time = "2024-12-18T11:31:54.917Z" }
wheels = [
    { url = "https://files.pythonhosted.org/packages/43/53/13e9917fc69c0a4aea06fd63ed6a8d6cda9cf140ca9584d49c1650b0ef5e/pydantic_core-2.27.2-cp38-cp38-macosx_10_12_x86_64.whl", hash = "sha256:d3e8d504bdd3f10835468f29008d72fc8359d95c9c415ce6e767203db6127506", size = 1899595, upload-time = "2024-12-18T11:29:40.887Z" },
    { url = "https://files.pythonhosted.org/packages/f4/20/26c549249769ed84877f862f7bb93f89a6ee08b4bee1ed8781616b7fbb5e/pydantic_core-2.27.2-cp38-cp38-macosx_11_0_arm64.whl", hash = "sha256:521eb9b7f036c9b6187f0b47318ab0d7ca14bd87f776240b90b21c1f4f149320", size = 1775010, upload-time = "2024-12-18T11:29:44.823Z" },
    { url = "https://files.pythonhosted.org/packages/35/eb/8234e05452d92d2b102ffa1b56d801c3567e628fdc63f02080fdfc68fd5e/pydantic_core-2.27.2-cp38-cp38-manylinux_2_17_aarch64.manylinux2014_aarch64.whl", hash = "sha256:85210c4d99a0114f5a9481b44560d7d1e35e32cc5634c656bc48e590b669b145", size = 1830727, upload-time = "2024-12-18T11:29:46.904Z" },
    { url = "https://files.pythonhosted.org/packages/8f/df/59f915c8b929d5f61e5a46accf748a87110ba145156f9326d1a7d28912b2/pydantic_core-2.27.2-cp38-cp38-manylinux_2_17_armv7l.manylinux2014_armv7l.whl", hash = "sha256:d716e2e30c6f140d7560ef1538953a5cd1a87264c737643d481f2779fc247fe1", size = 1868393, upload-time = "2024-12-18T11:29:49.098Z" },
    { url = "https://files.pythonhosted.org/packages/d5/52/81cf4071dca654d485c277c581db368b0c95b2b883f4d7b736ab54f72ddf/pydantic_core-2.27.2-cp38-cp38-manylinux_2_17_ppc64le.manylinux2014_ppc64le.whl", hash = "sha256:f66d89ba397d92f840f8654756196d93804278457b5fbede59598a1f9f90b228", size = 2040300, upload-time = "2024-12-18T11:29:51.43Z" },
    { url = "https://files.pythonhosted.org/packages/9c/00/05197ce1614f5c08d7a06e1d39d5d8e704dc81971b2719af134b844e2eaf/pydantic_core-2.27.2-cp38-cp38-manylinux_2_17_s390x.manylinux2014_s390x.whl", hash = "sha256:669e193c1c576a58f132e3158f9dfa9662969edb1a250c54d8fa52590045f046", size = 2738785, upload-time = "2024-12-18T11:29:55.001Z" },
    { url = "https://files.pythonhosted.org/packages/f7/a3/5f19bc495793546825ab160e530330c2afcee2281c02b5ffafd0b32ac05e/pydantic_core-2.27.2-cp38-cp38-manylinux_2_17_x86_64.manylinux2014_x86_64.whl", hash = "sha256:9fdbe7629b996647b99c01b37f11170a57ae675375b14b8c13b8518b8320ced5", size = 1996493, upload-time = "2024-12-18T11:29:57.13Z" },
    { url = "https://files.pythonhosted.org/packages/ed/e8/e0102c2ec153dc3eed88aea03990e1b06cfbca532916b8a48173245afe60/pydantic_core-2.27.2-cp38-cp38-manylinux_2_5_i686.manylinux1_i686.whl", hash = "sha256:d262606bf386a5ba0b0af3b97f37c83d7011439e3dc1a9298f21efb292e42f1a", size = 1998544, upload-time = "2024-12-18T11:30:00.681Z" },
    { url = "https://files.pythonhosted.org/packages/fb/a3/4be70845b555bd80aaee9f9812a7cf3df81550bce6dadb3cfee9c5d8421d/pydantic_core-2.27.2-cp38-cp38-musllinux_1_1_aarch64.whl", hash = "sha256:cabb9bcb7e0d97f74df8646f34fc76fbf793b7f6dc2438517d7a9e50eee4f14d", size = 2007449, upload-time = "2024-12-18T11:30:02.985Z" },
    { url = "https://files.pythonhosted.org/packages/e3/9f/b779ed2480ba355c054e6d7ea77792467631d674b13d8257085a4bc7dcda/pydantic_core-2.27.2-cp38-cp38-musllinux_1_1_armv7l.whl", hash = "sha256:d2d63f1215638d28221f664596b1ccb3944f6e25dd18cd3b86b0a4c408d5ebb9", size = 2129460, upload-time = "2024-12-18T11:30:06.55Z" },
    { url = "https://files.pythonhosted.org/packages/a0/f0/a6ab0681f6e95260c7fbf552874af7302f2ea37b459f9b7f00698f875492/pydantic_core-2.27.2-cp38-cp38-musllinux_1_1_x86_64.whl", hash = "sha256:bca101c00bff0adb45a833f8451b9105d9df18accb8743b08107d7ada14bd7da", size = 2159609, upload-time = "2024-12-18T11:30:09.428Z" },
    { url = "https://files.pythonhosted.org/packages/8a/2b/e1059506795104349712fbca647b18b3f4a7fd541c099e6259717441e1e0/pydantic_core-2.27.2-cp38-cp38-win32.whl", hash = "sha256:f6f8e111843bbb0dee4cb6594cdc73e79b3329b526037ec242a3e49012495b3b", size = 1819886, upload-time = "2024-12-18T11:30:11.777Z" },
    { url = "https://files.pythonhosted.org/packages/aa/6d/df49c17f024dfc58db0bacc7b03610058018dd2ea2eaf748ccbada4c3d06/pydantic_core-2.27.2-cp38-cp38-win_amd64.whl", hash = "sha256:fd1aea04935a508f62e0d0ef1f5ae968774a32afc306fb8545e06f5ff5cdf3ad", size = 1980773, upload-time = "2024-12-18T11:30:14.828Z" },
]

[[package]]
name = "pyserial"
version = "3.5"
source = { registry = "https://pypi.org/simple" }
sdist = { url = "https://files.pythonhosted.org/packages/1e/7d/ae3f0a63f41e4d2f6cb66a5b57197850f919f59e558159a4dd3a818f5082/pyserial-3.5.tar.gz", hash = "sha256:3c77e014170dfffbd816e6ffc205e9842efb10be9f58ec16d3e8675b4925cddb", size = 159125, upload-time = "2020-11-23T03:59:15.045Z" }
wheels = [
    { url = "https://files.pythonhosted.org/packages/07/bc/587a445451b253b285629263eb51c2d8e9bcea4fc97826266d186f96f558/pyserial-3.5-py2.py3-none-any.whl", hash = "sha256:c4451db6ba391ca6ca299fb3ec7bae67a5c55dde170964c7a14ceefec02f2cf0", size = 90585, upload-time = "2020-11-23T03:59:13.41Z" },
]

[[package]]
name = "python-dotenv"
version = "1.0.1"
source = { registry = "https://pypi.org/simple" }
sdist = { url = "https://files.pythonhosted.org/packages/bc/57/e84d88dfe0aec03b7a2d4327012c1627ab5f03652216c63d49846d7a6c58/python-dotenv-1.0.1.tar.gz", hash = "sha256:e324ee90a023d808f1959c46bcbc04446a10ced277783dc6ee09987c37ec10ca", size = 39115, upload-time = "2024-01-23T06:33:00.505Z" }
wheels = [
    { url = "https://files.pythonhosted.org/packages/6a/3e/b68c118422ec867fa7ab88444e1274aa40681c606d59ac27de5a5588f082/python_dotenv-1.0.1-py3-none-any.whl", hash = "sha256:f7b63ef50f1b690dddf550d03497b66d609393b40b564ed0d674909a68ebf16a", size = 19863, upload-time = "2024-01-23T06:32:58.246Z" },
]

[[package]]
name = "pyyaml"
version = "6.0.3"
source = { registry = "https://pypi.org/simple" }
sdist = { url = "https://files.pythonhosted.org/packages/05/8e/961c0007c59b8dd7729d542c61a4d537767a59645b82a0b521206e1e25c2/pyyaml-6.0.3.tar.gz", hash = "sha256:d76623373421df22fb4cf8817020cbb7ef15c725b9d5e45f17e189bfc384190f", size = 130960, upload-time = "2025-09-25T21:33:16.546Z" }
wheels = [
    { url = "https://files.pythonhosted.org/packages/0d/a2/09f67a3589cb4320fb5ce90d3fd4c9752636b8b6ad8f34b54d76c5a54693/PyYAML-6.0.3-cp38-cp38-macosx_10_13_x86_64.whl", hash = "sha256:c2514fceb77bc5e7a2f7adfaa1feb2fb311607c9cb518dbc378688ec73d8292f", size = 186824, upload-time = "2025-09-29T20:27:35.918Z" },
    { url = "https://files.pythonhosted.org/packages/02/72/d972384252432d57f248767556ac083793292a4adf4e2d85dfe785ec2659/PyYAML-6.0.3-cp38-cp38-manylinux2014_aarch64.manylinux_2_17_aarch64.manylinux_2_28_aarch64.whl", hash = "sha256:9c57bb8c96f6d1808c030b1687b9b5fb476abaa47f0db9c0101f5e9f394e97f4", size = 795069, upload-time = "2025-09-29T20:27:38.15Z" },
    { url = "https://files.pythonhosted.org/packages/a7/3b/6c58ac0fa7c4e1b35e48024eb03d00817438310447f93ef4431673c24138/PyYAML-6.0.3-cp38-cp38-manylinux2014_s390x.manylinux_2_17_s390x.manylinux_2_28_s390x.whl", hash = "sha256:efd7b85f94a6f21e4932043973a7ba2613b059c4a000551892ac9f1d11f5baf3", size = 862585, upload-time = "2025-09-29T20:27:39.715Z" },
    { url = "https://files.pythonhosted.org/packages/25/a2/b725b61ac76a75583ae7104b3209f75ea44b13cfd026aa535ece22b7f22e/PyYAML-6.0.3-cp38-cp38-manylinux2014_x86_64.manylinux_2_17_x86_64.manylinux_2_28_x86_64.whl", hash = "sha256:22ba7cfcad58ef3ecddc7ed1db3409af68d023b7f940da23c6c2a1890976eda6", size = 806018, upload-time = "2025-09-29T20:27:41.444Z" },
    { url = "https://files.pythonhosted.org/packages/6f/b0/b2227677b2d1036d84f5ee95eb948e7af53d59fe3e4328784e4d290607e0/PyYAML-6.0.3-cp38-cp38-musllinux_1_2_x86_64.whl", hash = "sha256:6344df0d5755a2c9a276d4473ae6b90647e216ab4757f8426893b5dd2ac3f369", size = 802822, upload-time = "2025-09-29T20:27:42.885Z" },
    { url = "https://files.pythonhosted.org/packages/99/a5/718a8ea22521e06ef19f91945766a892c5ceb1855df6adbde67d997ea7ed/PyYAML-6.0.3-cp38-cp38-win32.whl", hash = "sha256:3ff07ec89bae51176c0549bc4c63aa6202991da2d9a6129d7aef7f1407d3f295", size = 143744, upload-time = "2025-09-29T20:27:44.487Z" },
    { url = "https://files.pythonhosted.org/packages/76/b2/2b69cee94c9eb215216fc05778675c393e3aa541131dc910df8e52c83776/PyYAML-6.0.3-cp38-cp38-win_amd64.whl", hash = "sha256:5cf4e27da7e3fbed4d6c3d8e797387aaad68102272f8f9752883bc32d61cb87b", size = 160082, upload-time = "2025-09-29T20:27:46.049Z" },
]

[[package]]
name = "sniffio"
version = "1.3.1"
source = { registry = "https://pypi.org/simple" }
sdist = { url = "https://files.pythonhosted.org/packages/a2/87/a6771e1546d97e7e041b6ae58d80074f81b7d5121207425c964ddf5cfdbd/sniffio-1.3.1.tar.gz", hash = "sha256:f4324edc670a0f49750a81b895f35c3adb843cca46f0530f79fc1babb23789dc", size = 20372, upload-time = "2024-02-25T23:20:04.057Z" }
wheels = [
    { url = "https://files.pythonhosted.org/packages/e9/44/75a9c9421471a6c4805dbf2356f7c181a29c1879239abab1ea2cc8f38b40/sniffio-1.3.1-py3-none-any.whl", hash = "sha256:2f6da418d1f1e0fddd844478f41680e794e6051915791a034ff65e5f100525a2", size = 10235, upload-time = "2024-02-25T23:20:01.196Z" },
]

[[package]]
name = "starlette"
version = "0.44.0"
source = { registry = "https://pypi.org/simple" }
dependencies = [
    { name = "anyio" },
    { name = "typing-extensions" },
]
sdist = { url = "https://files.pythonhosted.org/packages/8d/b4/910f693584958b687b8f9c628f8217cfef19a42b64d2de7840814937365c/starlette-0.44.0.tar.gz", hash = "sha256:e35166950a3ccccc701962fe0711db0bc14f2ecd37c6f9fe5e3eae0cbaea8715", size = 2575579, upload-time = "2024-12-28T07:32:56.003Z" }
wheels = [
    { url = "https://files.pythonhosted.org/packages/b6/c5/7ae467eeddb57260c8ce17a3a09f9f5edba35820fc022d7c55b7decd5d3a/starlette-0.44.0-py3-none-any.whl", hash = "sha256:19edeb75844c16dcd4f9dd72f22f9108c1539f3fc9c4c88885654fef64f85aea", size = 73412, upload-time = "2024-12-28T07:32:53.871Z" },
]

[[package]]
name = "typing-extensions"
version = "4.13.2"
source = { registry = "https://pypi.org/simple" }
sdist = { url = "https://files.pythonhosted.org/packages/f6/37/23083fcd6e35492953e8d2aaaa68b860eb422b34627b13f2ce3eb6106061/typing_extensions-4.13.2.tar.gz", hash = "sha256:e6c81219bd689f51865d9e372991c540bda33a0379d5573cddb9a3a23f7caaef", size = 106967, upload-time = "2025-04-10T14:19:05.416Z" }
wheels = [
    { url = "https://files.pythonhosted.org/packages/8b/54/b1ae86c0973cc6f0210b53d508ca3641fb6d0c56823f288d108bc7ab3cc8/typing_extensions-4.13.2-py3-none-any.whl", hash = "sha256:a439e7c04b49fec3e5d3e2beaa21755cadbbdc391694e28ccdd36ca4a1408f8c", size = 45806, upload-time = "2025-04-10T14:19:03.967Z" },
]

[[package]]
name = "uvicorn"
version = "0.33.0"
source = { registry = "https://pypi.org/simple" }
dependencies = [
    { name = "click" },
    { name = "h11" },
    { name = "typing-extensions" },
]
sdist = { url = "https://files.pythonhosted.org/packages/cb/81/a083ae41716b00df56d45d4b5f6ca8e90fc233a62e6c04ab3ad3c476b6c4/uvicorn-0.33.0.tar.gz", hash = "sha256:3577119f82b7091cf4d3d4177bfda0bae4723ed92ab1439e8d779de880c9cc59", size = 76590, upload-time = "2024-12-14T11:14:46.526Z" }
wheels = [
    { url = "https://files.pythonhosted.org/packages/98/79/2e2620337ef1e4ef7a058b351603b765f59ac28e6e3ac7c5e7cdee9ea1ab/uvicorn-0.33.0-py3-none-any.whl", hash = "sha256:2c30de4aeea83661a520abab179b24084a0019c0c1bbe137e5409f741cbde5f8", size = 62297, upload-time = "2024-12-14T11:14:43.408Z" },
]

[package.optional-dependencies]
standard = [
    { name = "colorama", marker = "sys_platform == 'win32'" },
    { name = "httptools" },
    { name = "python-dotenv" },
    { name = "pyyaml" },
    { name = "uvloop", version = "0.21.0", source = { registry = "https://pypi.org/simple" }, marker = "python_full_version < '3.8.1' and platform_python_implementation != 'PyPy' and sys_platform != 'cygwin' and sys_platform != 'win32'" },
    { name = "uvloop", version = "0.22.1", source = { registry = "https://pypi.org/simple" }, marker = "python_full_version >= '3.8.1' and platform_python_implementation != 'PyPy' and sys_platform != 'cygwin' and sys_platform != 'win32'" },
    { name = "watchfiles" },
    { name = "websockets" },
]

[[package]]
name = "uvloop"
version = "0.21.0"
source = { registry = "https://pypi.org/simple" }
resolution-markers = [
    "python_full_version < '3.8.1'",
]
sdist = { url = "https://files.pythonhosted.org/packages/af/c0/854216d09d33c543f12a44b393c402e89a920b1a0a7dc634c42de91b9cf6/uvloop-0.21.0.tar.gz", hash = "sha256:3bf12b0fda68447806a7ad847bfa591613177275d35b6724b1ee573faa3704e3", size = 2492741, upload-time = "2024-10-14T23:38:35.489Z" }
wheels = [
    { url = "https://files.pythonhosted.org/packages/b5/7b/85a2c8231eac451ef9caecba8715295820c9f94fb51c4f5b2e39c79a5c11/uvloop-0.21.0-cp38-cp38-macosx_10_9_universal2.whl", hash = "sha256:17df489689befc72c39a08359efac29bbee8eee5209650d4b9f34df73d22e414", size = 1433814, upload-time = "2024-10-14T23:38:12.45Z" },
    { url = "https://files.pythonhosted.org/packages/78/c9/10272e791562be6cfc4ee127883087de6443fede8f010b019ca0fdf841c1/uvloop-0.21.0-cp38-cp38-macosx_10_9_x86_64.whl", hash = "sha256:bc09f0ff191e61c2d592a752423c767b4ebb2986daa9ed62908e2b1b9a9ae206", size = 797954, upload-time = "2024-10-14T23:38:15.236Z" },
    { url = "https://files.pythonhosted.org/packages/62/23/29da7a6d3fba8dfe375ea48a8c3a3e5562b770d24008d79a7a6e0150d7c1/uvloop-0.21.0-cp38-cp38-manylinux_2_17_aarch64.manylinux2014_aarch64.whl", hash = "sha256:f0ce1b49560b1d2d8a2977e3ba4afb2414fb46b86a1b64056bc4ab929efdafbe", size = 4302867, upload-time = "2024-10-14T23:38:16.879Z" },
    { url = "https://files.pythonhosted.org/packages/9a/46/72fb3fbb457cd68632542ecc7fa191a17dac501f70b7f3786a18912bbe0e/uvloop-0.21.0-cp38-cp38-manylinux_2_17_x86_64.manylinux2014_x86_64.whl", hash = "sha256:e678ad6fe52af2c58d2ae3c73dc85524ba8abe637f134bf3564ed07f555c5e79", size = 4303228, upload-time = "2024-10-14T23:38:19.737Z" },
    { url = "https://files.pythonhosted.org/packages/1a/80/3f57f2458460501b709aec7c7e7f303b81b38ca35f786b41bf402b3349e8/uvloop-0.21.0-cp38-cp38-musllinux_1_2_aarch64.whl", hash = "sha256:460def4412e473896ef179a1671b40c039c7012184b627898eea5072ef6f017a", size = 4163776, upload-time = "2024-10-14T23:38:21.43Z" },
    { url = "https://files.pythonhosted.org/packages/4f/9f/07c88dd3e76171e7808ff63719af12ee8bb6ea56fe40ea274da606ae5ade/uvloop-0.21.0-cp38-cp38-musllinux_1_2_x86_64.whl", hash = "sha256:10da8046cc4a8f12c91a1c39d1dd1585c41162a15caaef165c2174db9ef18bdc", size = 4292873, upload-time = "2024-10-14T23:38:23.132Z" },
]

[[package]]
name = "uvloop"
version = "0.22.1"
source = { registry = "https://pypi.org/simple" }
resolution-markers = [
    "python_full_version >= '3.8.1'",
]
sdist = { url = "https://files.pythonhosted.org/packages/06/f0/18d39dbd1971d6d62c4629cc7fa67f74821b0dc1f5a77af43719de7936a7/uvloop-0.22.1.tar.gz", hash = "sha256:6c84bae345b9147082b17371e3dd5d42775bddce91f885499017f4607fdaf39f", size = 2443250, upload-time = "2025-10-16T22:17:19.342Z" }
wheels = [
    { url = "https://files.pythonhosted.org/packages/f2/82/8a4a6785b53ee42f9235e9d7aacab8b691204e96554c80135a8806a940d4/uvloop-0.22.1-cp38-cp38-macosx_10_9_universal2.whl", hash = "sha256:80eee091fe128e425177fbd82f8635769e2f32ec9daf6468286ec57ec0313efa", size = 1396886, upload-time = "2025-10-16T22:17:02.357Z" },
    { url = "https://files.pythonhosted.org/packages/36/b2/9d69c9253fefd1ea40e139562ecec65579606709f3433871b51c35fa5fc7/uvloop-0.22.1-cp38-cp38-macosx_10_9_x86_64.whl", hash = "sha256:017bd46f9e7b78e81606329d07141d3da446f8798c6baeec124260e22c262772", size = 769161, upload-time = "2025-10-16T22:17:03.444Z" },
    { url = "https://files.pythonhosted.org/packages/14/39/615af1a05a4010b67ff2061ce22b8df7944acccb79cfed7f9483f4742c04/uvloop-0.22.1-cp38-cp38-manylinux2014_aarch64.manylinux_2_17_aarch64.manylinux_2_28_aarch64.whl", hash = "sha256:c3e5c6727a57cb6558592a95019e504f605d1c54eb86463ee9f7a2dbd411c820", size = 4162409, upload-time = "2025-10-16T22:17:05.348Z" },
    { url = "https://files.pythonhosted.org/packages/bf/75/cd9bd5e2ac7d5e6906769f6d5b656b3554266c5748ef23117827fbd07d7b/uvloop-0.22.1-cp38-cp38-manylinux2014_x86_64.manylinux_2_17_x86_64.manylinux_2_28_x86_64.whl", hash = "sha256:57df59d8b48feb0e613d9b1f5e57b7532e97cbaf0d61f7aa9aa32221e84bc4b6", size = 4196857, upload-time = "2025-10-16T22:17:07.01Z" },
    { url = "https://files.pythonhosted.org/packages/87/ed/863fe9bf180d420c005eaa6b0b368674956b3046384805563da3437770df/uvloop-0.22.1-cp38-cp38-musllinux_1_2_aarch64.whl", hash = "sha256:55502bc2c653ed2e9692e8c55cb95b397d33f9f2911e929dc97c4d6b26d04242", size = 3991211, upload-time = "2025-10-16T22:17:08.597Z" },
    { url = "https://files.pythonhosted.org/packages/43/cb/dc8bbe4058a641d31bf457771e8088fb79b4b222c3b6a48a0e35f37c3701/uvloop-0.22.1-cp38-cp38-musllinux_1_2_x86_64.whl", hash = "sha256:4a968a72422a097b09042d5fa2c5c590251ad484acf910a651b4b620acd7f193", size = 4090099, upload-time = "2025-10-16T22:17:09.897Z" },
]

[[package]]
name = "watchfiles"
version = "0.24.0"
source = { registry = "https://pypi.org/simple" }
dependencies = [
    { name = "anyio" },
]
sdist = { url = "https://files.pythonhosted.org/packages/c8/27/2ba23c8cc85796e2d41976439b08d52f691655fdb9401362099502d1f0cf/watchfiles-0.24.0.tar.gz", hash = "sha256:afb72325b74fa7a428c009c1b8be4b4d7c2afedafb2982827ef2156646df2fe1", size = 37870, upload-time = "2024-08-28T16:21:37.42Z" }
wheels = [
    { url = "https://files.pythonhosted.org/packages/17/1c/c0b5f4347011b60e2dbde671a5050944f3aaf0eb2ffc0fb5c7adf2516229/watchfiles-0.24.0-cp38-cp38-macosx_10_12_x86_64.whl", hash = "sha256:ee82c98bed9d97cd2f53bdb035e619309a098ea53ce525833e26b93f673bc318", size = 375982, upload-time = "2024-08-28T16:20:53.905Z" },
    { url = "https://files.pythonhosted.org/packages/c5/b2/d417b982be5ace395f1aad32cd8e0dcf194e431dfbfeee88941b6da6735a/watchfiles-0.24.0-cp38-cp38-macosx_11_0_arm64.whl", hash = "sha256:fd92bbaa2ecdb7864b7600dcdb6f2f1db6e0346ed425fbd01085be04c63f0b05", size = 369757, upload-time = "2024-08-28T16:20:54.964Z" },
    { url = "https://files.pythonhosted.org/packages/68/27/f3a1147af79085da95a879d7e6f953380da17a90b50d990749ae287550ca/watchfiles-0.24.0-cp38-cp38-manylinux_2_17_aarch64.manylinux2014_aarch64.whl", hash = "sha256:f83df90191d67af5a831da3a33dd7628b02a95450e168785586ed51e6d28943c", size = 439397, upload-time = "2024-08-28T16:20:56.676Z" },
    { url = "https://files.pythonhosted.org/packages/31/de/4a677766880efee555cc56a4c6bf6993a7748901243cd2511419acc37a6c/watchfiles-0.24.0-cp38-cp38-manylinux_2_17_armv7l.manylinux2014_armv7l.whl", hash = "sha256:fca9433a45f18b7c779d2bae7beeec4f740d28b788b117a48368d95a3233ed83", size = 433878, upload-time = "2024-08-28T16:20:58.053Z" },
    { url = "https://files.pythonhosted.org/packages/f4/7f/30fbf661dea01cf3d5ab4962ee4b52854b9fbbd7fe4918bc60c212bb5b60/watchfiles-0.24.0-cp38-cp38-manylinux_2_17_i686.manylinux2014_i686.whl", hash = "sha256:b995bfa6bf01a9e09b884077a6d37070464b529d8682d7691c2d3b540d357a0c", size = 451495, upload-time = "2024-08-28T16:20:59.892Z" },
    { url = "https://files.pythonhosted.org/packages/c8/65/cda4b9ed13087d57f78ed386c4bdc2369c114dd871a32fa6e2419f6e81b8/watchfiles-0.24.0-cp38-cp38-manylinux_2_17_ppc64le.manylinux2014_ppc64le.whl", hash = "sha256:ed9aba6e01ff6f2e8285e5aa4154e2970068fe0fc0998c4380d0e6278222269b", size = 470115, upload-time = "2024-08-28T16:21:01.647Z" },
    { url = "https://files.pythonhosted.org/packages/4c/72/9b2ba3bb3a7233fb3d21900cd3f9005cfaa53884f496239541ec885b9861/watchfiles-0.24.0-cp38-cp38-manylinux_2_17_s390x.manylinux2014_s390x.whl", hash = "sha256:e5171ef898299c657685306d8e1478a45e9303ddcd8ac5fed5bd52ad4ae0b69b", size = 476814, upload-time = "2024-08-28T16:21:03.114Z" },
    { url = "https://files.pythonhosted.org/packages/3d/78/90a881916a4a3bafd5e82202d51406444d3720cfc03b326427a8e455d89d/watchfiles-0.24.0-cp38-cp38-manylinux_2_17_x86_64.manylinux2014_x86_64.whl", hash = "sha256:4933a508d2f78099162da473841c652ad0de892719043d3f07cc83b33dfd9d91", size = 426747, upload-time = "2024-08-28T16:21:04.424Z" },
    { url = "https://files.pythonhosted.org/packages/56/52/5a2c6e0694013a53f596d4a66642de48dc1a53a635ad61bc6504abf5c87c/watchfiles-0.24.0-cp38-cp38-musllinux_1_1_aarch64.whl", hash = "sha256:95cf3b95ea665ab03f5a54765fa41abf0529dbaf372c3b83d91ad2cfa695779b", size = 613135, upload-time = "2024-08-28T16:21:05.576Z" },
    { url = "https://files.pythonhosted.org/packages/fc/dc/8f177e6074e756d961d5dcb5ef65528b02ab09028d0380db4579a30af78f/watchfiles-0.24.0-cp38-cp38-musllinux_1_1_x86_64.whl", hash = "sha256:01def80eb62bd5db99a798d5e1f5f940ca0a05986dcfae21d833af7a46f7ee22", size = 596318, upload-time = "2024-08-28T16:21:07.128Z" },
    { url = "https://files.pythonhosted.org/packages/e6/16/d89e06188ed6672dc69eeef7af2ea158328bd59d45032a94daaaed2a6516/watchfiles-0.24.0-cp38-none-win32.whl", hash = "sha256:4d28cea3c976499475f5b7a2fec6b3a36208656963c1a856d328aeae056fc5c1", size = 264384, upload-time = "2024-08-28T16:21:08.53Z" },
    { url = "https://files.pythonhosted.org/packages/e6/cc/2f2f27fc403193bedaaae5485cd04fd31064f5cdec885162bd0e390be68a/watchfiles-0.24.0-cp38-none-win_amd64.whl", hash = "sha256:21ab23fdc1208086d99ad3f69c231ba265628014d4aed31d4e8746bd59e88cd1", size = 277740, upload-time = "2024-08-28T16:21:09.597Z" },
]

[[package]]
name = "websockets"
version = "13.1"
source = { registry = "https://pypi.org/simple" }
sdist = { url = "https://files.pythonhosted.org/packages/e2/73/9223dbc7be3dcaf2a7bbf756c351ec8da04b1fa573edaf545b95f6b0c7fd/websockets-13.1.tar.gz", hash = "sha256:a3b3366087c1bc0a2795111edcadddb8b3b59509d5db5d7ea3fdd69f954a8878", size = 158549, upload-time = "2024-09-21T17:34:21.54Z" }
wheels = [
    { url = "https://files.pythonhosted.org/packages/83/69/59872420e5bce60db166d6fba39ee24c719d339fb0ae48cb2ce580129882/websockets-13.1-cp38-cp38-macosx_10_9_universal2.whl", hash = "sha256:c7934fd0e920e70468e676fe7f1b7261c1efa0d6c037c6722278ca0228ad9d0d", size = 157811, upload-time = "2024-09-21T17:33:27.379Z" },
    { url = "https://files.pythonhosted.org/packages/bb/f7/0610032e0d3981758fdd6ee7c68cc02ebf668a762c5178d3d91748228849/websockets-13.1-cp38-cp38-macosx_10_9_x86_64.whl", hash = "sha256:149e622dc48c10ccc3d2760e5f36753db9cacf3ad7bc7bbbfd7d9c819e286f23", size = 155471, upload-time = "2024-09-21T17:33:28.473Z" },
    { url = "https://files.pythonhosted.org/packages/55/2f/c43173a72ea395263a427a36d25bce2675f41c809424466a13c61a9a2d61/websockets-13.1-cp38-cp38-macosx_11_0_arm64.whl", hash = "sha256:a569eb1b05d72f9bce2ebd28a1ce2054311b66677fcd46cf36204ad23acead8c", size = 155713, upload-time = "2024-09-21T17:33:29.795Z" },
    { url = "https://files.pythonhosted.org/packages/92/7e/8fa930c6426a56c47910792717787640329e4a0e37cdfda20cf89da67126/websockets-13.1-cp38-cp38-manylinux_2_17_aarch64.manylinux2014_aarch64.whl", hash = "sha256:95df24ca1e1bd93bbca51d94dd049a984609687cb2fb08a7f2c56ac84e9816ea", size = 164995, upload-time = "2024-09-21T17:33:30.802Z" },
    { url = "https://files.pythonhosted.org/packages/27/29/50ed4c68a3f606565a2db4b13948ae7b6f6c53aa9f8f258d92be6698d276/websockets-13.1-cp38-cp38-manylinux_2_5_i686.manylinux1_i686.manylinux_2_17_i686.manylinux2014_i686.whl", hash = "sha256:d8dbb1bf0c0a4ae8b40bdc9be7f644e2f3fb4e8a9aca7145bfa510d4a374eeb7", size = 164057, upload-time = "2024-09-21T17:33:31.862Z" },
    { url = "https://files.pythonhosted.org/packages/3c/0e/60da63b1c53c47f389f79312b3356cb305600ffad1274d7ec473128d4e6b/websockets-13.1-cp38-cp38-manylinux_2_5_x86_64.manylinux1_x86_64.manylinux_2_17_x86_64.manylinux2014_x86_64.whl", hash = "sha256:035233b7531fb92a76beefcbf479504db8c72eb3bff41da55aecce3a0f729e54", size = 164340, upload-time = "2024-09-21T17:33:33.022Z" },
    { url = "https://files.pythonhosted.org/packages/20/ef/d87c5fc0aa7fafad1d584b6459ddfe062edf0d0dd64800a02e67e5de048b/websockets-13.1-cp38-cp38-musllinux_1_2_aarch64.whl", hash = "sha256:e4450fc83a3df53dec45922b576e91e94f5578d06436871dce3a6be38e40f5db", size = 164222, upload-time = "2024-09-21T17:33:34.423Z" },
    { url = "https://files.pythonhosted.org/packages/f2/c4/7916e1f6b5252d3dcb9121b67d7fdbb2d9bf5067a6d8c88885ba27a9e69c/websockets-13.1-cp38-cp38-musllinux_1_2_i686.whl", hash = "sha256:463e1c6ec853202dd3657f156123d6b4dad0c546ea2e2e38be2b3f7c5b8e7295", size = 163647, upload-time = "2024-09-21T17:33:35.841Z" },
    { url = "https://files.pythonhosted.org/packages/de/df/2ebebb807f10993c35c10cbd3628a7944b66bd5fb6632a561f8666f3a68e/websockets-13.1-cp38-cp38-musllinux_1_2_x86_64.whl", hash = "sha256:6d6855bbe70119872c05107e38fbc7f96b1d8cb047d95c2c50869a46c65a8e96", size = 163590, upload-time = "2024-09-21T17:33:37.61Z" },
    { url = "https://files.pythonhosted.org/packages/b5/82/d48911f56bb993c11099a1ff1d4041d9d1481d50271100e8ee62bc28f365/websockets-13.1-cp38-cp38-win32.whl", hash = "sha256:204e5107f43095012b00f1451374693267adbb832d29966a01ecc4ce1db26faf", size = 158701, upload-time = "2024-09-21T17:33:38.695Z" },
    { url = "https://files.pythonhosted.org/packages/8b/b3/945aacb21fc89ad150403cbaa974c9e846f098f16d9f39a3dd6094f9beb1/websockets-13.1-cp38-cp38-win_amd64.whl", hash = "sha256:485307243237328c022bc908b90e4457d0daa8b5cf4b3723fd3c4a8012fce4c6", size = 159146, upload-time = "2024-09-21T17:33:39.855Z" },
    { url = "https://files.pythonhosted.org/packages/5e/a1/5ae6d0ef2e61e2b77b3b4678949a634756544186620a728799acdf5c3482/websockets-13.1-pp38-pypy38_pp73-macosx_10_9_x86_64.whl", hash = "sha256:9156c45750b37337f7b0b00e6248991a047be4aa44554c9886fe6bdd605aab3b", size = 155433, upload-time = "2024-09-21T17:34:03.88Z" },
    { url = "https://files.pythonhosted.org/packages/0d/2f/addd33f85600d210a445f817ff0d79d2b4d0eb6f3c95b9f35531ebf8f57c/websockets-13.1-pp38-pypy38_pp73-macosx_11_0_arm64.whl", hash = "sha256:80c421e07973a89fbdd93e6f2003c17d20b69010458d3a8e37fb47874bd67d51", size = 155733, upload-time = "2024-09-21T17:34:05.173Z" },
    { url = "https://files.pythonhosted.org/packages/74/0b/f8ec74ac3b14a983289a1b42dc2c518a0e2030b486d0549d4f51ca11e7c9/websockets-13.1-pp38-pypy38_pp73-manylinux_2_17_aarch64.manylinux2014_aarch64.whl", hash = "sha256:82d0ba76371769d6a4e56f7e83bb8e81846d17a6190971e38b5de108bde9b0d7", size = 157093, upload-time = "2024-09-21T17:34:06.398Z" },
    { url = "https://files.pythonhosted.org/packages/ad/4c/aa5cc2f718ee4d797411202f332c8281f04c42d15f55b02f7713320f7a03/websockets-13.1-pp38-pypy38_pp73-manylinux_2_5_i686.manylinux1_i686.manylinux_2_17_i686.manylinux2014_i686.whl", hash = "sha256:e9875a0143f07d74dc5e1ded1c4581f0d9f7ab86c78994e2ed9e95050073c94d", size = 156701, upload-time = "2024-09-21T17:34:07.582Z" },
    { url = "https://files.pythonhosted.org/packages/1f/4b/7c5b2d0d0f0f1a54f27c60107cf1f201bee1f88c5508f87408b470d09a9c/websockets-13.1-pp38-pypy38_pp73-manylinux_2_5_x86_64.manylinux1_x86_64.manylinux_2_17_x86_64.manylinux2014_x86_64.whl", hash = "sha256:a11e38ad8922c7961447f35c7b17bffa15de4d17c70abd07bfbe12d6faa3e027", size = 156648, upload-time = "2024-09-21T17:34:08.734Z" },
    { url = "https://files.pythonhosted.org/packages/f3/63/35f3fb073884a9fd1ce5413b2dcdf0d9198b03dac6274197111259cbde06/websockets-13.1-pp38-pypy38_pp73-win_amd64.whl", hash = "sha256:4059f790b6ae8768471cddb65d3c4fe4792b0ab48e154c9f0a04cefaabcd5978", size = 159188, upload-time = "2024-09-21T17:34:10.018Z" },
    { url = "https://files.pythonhosted.org/packages/56/27/96a5cd2626d11c8280656c6c71d8ab50fe006490ef9971ccd154e0c42cd2/websockets-13.1-py3-none-any.whl", hash = "sha256:a9a396a6ad26130cdae92ae10c36af09d9bfe6cafe69670fd3b6da9b07b4044f", size = 152134, upload-time = "2024-09-21T17:34:19.904Z" },
]
